
Microsoft Visual Studio Solution File, Format Version 12.00
# Visual Studio Version 17
VisualStudioVersion = 17.1.32421.90
MinimumVisualStudioVersion = 10.0.40219.1
Project("{FAE04EC0-301F-11D3-BF4B-00C04F79EFBC}") = "demo", "demo\demo.csproj", "{ED4A928B-4531-4D48-803E-C5A8C4836C7D}"
EndProject
Global
	GlobalSection(SolutionConfigurationPlatforms) = preSolution
		Debug|Any CPU = Debug|Any CPU
		Release|Any CPU = Release|Any CPU
	EndGlobalSection
	GlobalSection(ProjectConfigurationPlatforms) = postSolution
		{ED4A928B-4531-4D48-803E-C5A8C4836C7D}.Debug|Any CPU.ActiveCfg = Debug|Any CPU
		{ED4A928B-4531-4D48-803E-C5A8C4836C7D}.Debug|Any CPU.Build.0 = Debug|Any CPU
		{ED4A928B-4531-4D48-803E-C5A8C4836C7D}.Release|Any CPU.ActiveCfg = Release|Any CPU
		{ED4A928B-4531-4D48-803E-C5A8C4836C7D}.Release|Any CPU.Build.0 = Release|Any CPU
	EndGlobalSection
	GlobalSection(SolutionProperties) = preSolution
		HideSolutionNode = FALSE
	EndGlobalSection
	GlobalSection(ExtensibilityGlobals) = postSolution
		SolutionGuid = {659A5E7C-0D6A-465D-B5EC-FBA8EE07FBBA}
	EndGlobalSection
EndGlobal
